{
    "_meta": {
        "hash": {
            "sha256": "88afbc2366f28744f79910fd56aa4127db59b365cf7143c5e2ef6bf39eb1b0b3"
        },
        "pipfile-spec": 6,
        "requires": {
            "python_version": "3.9"
        },
        "sources": [
            {
                "name": "pypi",
                "url": "https://pypi.org/simple",
                "verify_ssl": true
            }
        ]
    },
    "default": {
        "svgwrite": {
            "hashes": [
                "sha256:ca63d76396d1f6f099a2b2d8cf1419e1c1de8deece9a2b7f4da0632067d71d43",
                "sha256:d304a929f197d31647c287c10eee0f64378058e1c83a9df83433a5980864e59f"
            ],
            "index": "pypi",
            "version": "==1.4.2"
        }
    },
    "develop": {}
}
